
Microsoft Visual Studio Solution File, Format Version 12.00
# Visual Studio Version 17
VisualStudioVersion = 17.0.32014.148
MinimumVisualStudioVersion = 10.0.40219.1
Project("{FAE04EC0-301F-11D3-BF4B-00C04F79EFBC}") = "SwtFourConnect", "SwtFourConnect\SwtFourConnect.csproj", "{C9FE3940-106C-4246-B0BA-A3DDBAFB82A2}"
EndProject
Project("{FAE04EC0-301F-11D3-BF4B-00C04F79EFBC}") = "SwtFourConnectCore", "SwtFourConnectCore\SwtFourConnectCore.csproj", "{B0A31501-DDBB-4D72-87EF-03981E3F9B84}"
EndProject
Project("{FAE04EC0-301F-11D3-BF4B-00C04F79EFBC}") = "SwtFourConnectCoreTest", "SwtFourConnectCoreTest\SwtFourConnectCoreTest.csproj", "{EA5D7CCC-D419-4BBD-9F16-A3871EDAA4D5}"
EndProject
Global
	GlobalSection(SolutionConfigurationPlatforms) = preSolution
		Debug|Any CPU = Debug|Any CPU
		Release|Any CPU = Release|Any CPU
	EndGlobalSection
	GlobalSection(ProjectConfigurationPlatforms) = postSolution
		{C9FE3940-106C-4246-B0BA-A3DDBAFB82A2}.Debug|Any CPU.ActiveCfg = Debug|Any CPU
		{C9FE3940-106C-4246-B0BA-A3DDBAFB82A2}.Debug|Any CPU.Build.0 = Debug|Any CPU
		{C9FE3940-106C-4246-B0BA-A3DDBAFB82A2}.Release|Any CPU.ActiveCfg = Release|Any CPU
		{C9FE3940-106C-4246-B0BA-A3DDBAFB82A2}.Release|Any CPU.Build.0 = Release|Any CPU
		{B0A31501-DDBB-4D72-87EF-03981E3F9B84}.Debug|Any CPU.ActiveCfg = Debug|Any CPU
		{B0A31501-DDBB-4D72-87EF-03981E3F9B84}.Debug|Any CPU.Build.0 = Debug|Any CPU
		{B0A31501-DDBB-4D72-87EF-03981E3F9B84}.Release|Any CPU.ActiveCfg = Release|Any CPU
		{B0A31501-DDBB-4D72-87EF-03981E3F9B84}.Release|Any CPU.Build.0 = Release|Any CPU
		{EA5D7CCC-D419-4BBD-9F16-A3871EDAA4D5}.Debug|Any CPU.ActiveCfg = Debug|Any CPU
		{EA5D7CCC-D419-4BBD-9F16-A3871EDAA4D5}.Debug|Any CPU.Build.0 = Debug|Any CPU
		{EA5D7CCC-D419-4BBD-9F16-A3871EDAA4D5}.Release|Any CPU.ActiveCfg = Release|Any CPU
		{EA5D7CCC-D419-4BBD-9F16-A3871EDAA4D5}.Release|Any CPU.Build.0 = Release|Any CPU
	EndGlobalSection
	GlobalSection(SolutionProperties) = preSolution
		HideSolutionNode = FALSE
	EndGlobalSection
	GlobalSection(ExtensibilityGlobals) = postSolution
		SolutionGuid = {EC9D6CB8-D449-4D18-990E-AD39E05CE26E}
	EndGlobalSection
EndGlobal
